
Microsoft Visual Studio Solution File, Format Version 12.00
# Visual Studio 16
Project("{FAE04EC0-301F-11D3-BF4B-00C04F79EFBC}") = "Assembly-CSharp", "Assembly-CSharp.csproj", "{3AF5D8D2-6A2A-C565-F005-1938D6494964}"
EndProject
Project("{FAE04EC0-301F-11D3-BF4B-00C04F79EFBC}") = "Assembly-CSharp-Editor", "Assembly-CSharp-Editor.csproj", "{C9694EC0-2AA8-DA17-9719-9D8AB15A1C71}"
EndProject
Global
	GlobalSection(SolutionConfigurationPlatforms) = preSolution
		Debug|Any CPU = Debug|Any CPU
		Release|Any CPU = Release|Any CPU
	EndGlobalSection
	GlobalSection(ProjectConfigurationPlatforms) = postSolution
		{3AF5D8D2-6A2A-C565-F005-1938D6494964}.Debug|Any CPU.ActiveCfg = Debug|Any CPU
		{3AF5D8D2-6A2A-C565-F005-1938D6494964}.Debug|Any CPU.Build.0 = Debug|Any CPU
		{3AF5D8D2-6A2A-C565-F005-1938D6494964}.Release|Any CPU.ActiveCfg = Release|Any CPU
		{3AF5D8D2-6A2A-C565-F005-1938D6494964}.Release|Any CPU.Build.0 = Release|Any CPU
		{C9694EC0-2AA8-DA17-9719-9D8AB15A1C71}.Debug|Any CPU.ActiveCfg = Debug|Any CPU
		{C9694EC0-2AA8-DA17-9719-9D8AB15A1C71}.Debug|Any CPU.Build.0 = Debug|Any CPU
		{C9694EC0-2AA8-DA17-9719-9D8AB15A1C71}.Release|Any CPU.ActiveCfg = Release|Any CPU
		{C9694EC0-2AA8-DA17-9719-9D8AB15A1C71}.Release|Any CPU.Build.0 = Release|Any CPU
	EndGlobalSection
	GlobalSection(SolutionProperties) = preSolution
		HideSolutionNode = FALSE
	EndGlobalSection
EndGlobal
